<?xml version="1.0" encoding="utf-8"?>
<Project ToolsVersion="4.0" xmlns="http://schemas.microsoft.com/developer/msbuild/2003">
  <ItemGroup>
    <Filter Include="Game">
      <UniqueIdentifier>{d2d0fd71-4d67-48c2-b343-6fdb5782e40f}</UniqueIdentifier>
    </Filter>
    <Filter Include="Main">
      <UniqueIdentifier>{7efaf247-0110-432a-9d3a-fb863c368ac6}</UniqueIdentifier>
    </Filter>
    <Filter Include="Shaders">
      <UniqueIdentifier>{ec1fc7a4-e083-4ffe-aa6f-9f1c2c16b5c4}</UniqueIdentifier>
    </Filter>
    <Filter Include="Main\Camera">
      <UniqueIdentifier>{9bb8217e-32be-43c8-89e9-19e395047b18}</UniqueIdentifier>
    </Filter>
    <Filter Include="Shaders\Common">
      <UniqueIdentifier>{e55f371a-3253-45e9-9187-2714c3eda587}</UniqueIdentifier>
    </Filter>
    <Filter Include="Game\Week3">
      <UniqueIdentifier>{ab4ce2eb-b95b-4efa-a5b0-d01f5342e777}</UniqueIdentifier>
    </Filter>
    <Filter Include="Game\Week4">
      <UniqueIdentifier>{c480add8-7583-4abb-bda1-e5b59706958f}</UniqueIdentifier>
    </Filter>
    <Filter Include="Shaders\Week4">
      <UniqueIdentifier>{d79774d4-9d02-4c4e-bd45-1a509d864cd9}</UniqueIdentifier>
    </Filter>
    <Filter Include="Shaders\Week3">
      <UniqueIdentifier>{68ee4cbc-95f6-46fa-b62a-e74440027811}</UniqueIdentifier>
    </Filter>
  </ItemGroup>
  <ItemGroup>
    <ClCompile Include="pch.cpp">
      <Filter>Main</Filter>
    </ClCompile>
    <ClCompile Include="Main.cpp">
      <Filter>Main</Filter>
    </ClCompile>
    <ClCompile Include="CameraScript.cpp">
      <Filter>Main\Camera</Filter>
    </ClCompile>
    <ClCompile Include="SceneDemo.cpp">
      <Filter>Game\Week3</Filter>
    </ClCompile>
    <ClCompile Include="GroupDemo.cpp">
      <Filter>Game\Week3</Filter>
    </ClCompile>
    <ClCompile Include="RawBufferDemo.cpp">
      <Filter>Game\Week3</Filter>
    </ClCompile>
    <ClCompile Include="StructuredBufferDemo.cpp">
      <Filter>Game\Week3</Filter>
    </ClCompile>
    <ClCompile Include="TextureBufferDemo.cpp">
      <Filter>Game\Week3</Filter>
    </ClCompile>
    <ClCompile Include="ViewportDemo.cpp">
      <Filter>Game\Week3</Filter>
    </ClCompile>
    <ClCompile Include="CollisionDemo.cpp">
      <Filter>Game\Week4</Filter>
    </ClCompile>
  </ItemGroup>
  <ItemGroup>
    <ClInclude Include="pch.h">
      <Filter>Main</Filter>
    </ClInclude>
    <ClInclude Include="Main.h">
      <Filter>Main</Filter>
    </ClInclude>
    <ClInclude Include="CameraScript.h">
      <Filter>Main\Camera</Filter>
    </ClInclude>
    <ClInclude Include="SceneDemo.h">
      <Filter>Game\Week3</Filter>
    </ClInclude>
    <ClInclude Include="TextureBufferDemo.h">
      <Filter>Game\Week3</Filter>
    </ClInclude>
    <ClInclude Include="GroupDemo.h">
      <Filter>Game\Week3</Filter>
    </ClInclude>
    <ClInclude Include="RawBufferDemo.h">
      <Filter>Game\Week3</Filter>
    </ClInclude>
    <ClInclude Include="StructuredBufferDemo.h">
      <Filter>Game\Week3</Filter>
    </ClInclude>
    <ClInclude Include="ViewportDemo.h">
      <Filter>Game\Week3</Filter>
    </ClInclude>
    <ClInclude Include="CollisionDemo.h">
      <Filter>Game\Week4</Filter>
    </ClInclude>
  </ItemGroup>
  <ItemGroup>
    <FxCompile Include="..\Shaders\00. Global.fx">
      <Filter>Shaders\Common</Filter>
    </FxCompile>
    <FxCompile Include="..\Shaders\00. Light.fx">
      <Filter>Shaders\Common</Filter>
    </FxCompile>
    <FxCompile Include="..\Shaders\00. Render.fx">
      <Filter>Shaders\Common</Filter>
    </FxCompile>
    <FxCompile Include="..\Shaders\24. RawBufferDemo.fx">
      <Filter>Shaders\Week4</Filter>
    </FxCompile>
    <FxCompile Include="..\Shaders\23. RenderDemo.fx">
      <Filter>Shaders\Week3</Filter>
    </FxCompile>
    <FxCompile Include="..\Shaders\25. GroupDemo.fx">
      <Filter>Shaders\Week4</Filter>
    </FxCompile>
    <FxCompile Include="..\Shaders\26. TextureBufferDemo.fx">
      <Filter>Shaders\Week4</Filter>
    </FxCompile>
    <FxCompile Include="..\Shaders\27. StructuredBufferDemo.fx">
      <Filter>Shaders\Week4</Filter>
    </FxCompile>
  </ItemGroup>
</Project>